
Microsoft Visual Studio Solution File, Format Version 12.00
# Visual Studio Version 16
VisualStudioVersion = 16.0.29613.14
MinimumVisualStudioVersion = 10.0.40219.1
Project("{9A19103F-16F7-4668-BE54-9A1E7A4F7556}") = "Api", "Api\Api.csproj", "{DBF6ED98-6216-4285-AE2B-81D8FE65FEC8}"
EndProject
Project("{2150E333-8FDC-42A3-9474-1A3956D46DE8}") = "Solution Items", "Solution Items", "{F41F2197-28B7-4663-8200-201D9BECC830}"
	ProjectSection(SolutionItems) = preProject
		README.md = README.md
	EndProjectSection
EndProject
Project("{FAE04EC0-301F-11D3-BF4B-00C04F79EFBC}") = "App", "App\App.csproj", "{1F99B6B4-3210-4A8F-907B-55EEF41822D7}"
EndProject
Project("{FAE04EC0-301F-11D3-BF4B-00C04F79EFBC}") = "Lib", "Lib\Lib.csproj", "{DA92DDC7-FC92-4E1B-BD4F-D8EA3631320F}"
EndProject
Global
	GlobalSection(SolutionConfigurationPlatforms) = preSolution
		Debug|Any CPU = Debug|Any CPU
		Release|Any CPU = Release|Any CPU
	EndGlobalSection
	GlobalSection(ProjectConfigurationPlatforms) = postSolution
		{DBF6ED98-6216-4285-AE2B-81D8FE65FEC8}.Debug|Any CPU.ActiveCfg = Debug|Any CPU
		{DBF6ED98-6216-4285-AE2B-81D8FE65FEC8}.Debug|Any CPU.Build.0 = Debug|Any CPU
		{DBF6ED98-6216-4285-AE2B-81D8FE65FEC8}.Release|Any CPU.ActiveCfg = Release|Any CPU
		{DBF6ED98-6216-4285-AE2B-81D8FE65FEC8}.Release|Any CPU.Build.0 = Release|Any CPU
		{1F99B6B4-3210-4A8F-907B-55EEF41822D7}.Debug|Any CPU.ActiveCfg = Debug|Any CPU
		{1F99B6B4-3210-4A8F-907B-55EEF41822D7}.Debug|Any CPU.Build.0 = Debug|Any CPU
		{1F99B6B4-3210-4A8F-907B-55EEF41822D7}.Release|Any CPU.ActiveCfg = Release|Any CPU
		{1F99B6B4-3210-4A8F-907B-55EEF41822D7}.Release|Any CPU.Build.0 = Release|Any CPU
		{DA92DDC7-FC92-4E1B-BD4F-D8EA3631320F}.Debug|Any CPU.ActiveCfg = Debug|Any CPU
		{DA92DDC7-FC92-4E1B-BD4F-D8EA3631320F}.Debug|Any CPU.Build.0 = Debug|Any CPU
		{DA92DDC7-FC92-4E1B-BD4F-D8EA3631320F}.Release|Any CPU.ActiveCfg = Release|Any CPU
		{DA92DDC7-FC92-4E1B-BD4F-D8EA3631320F}.Release|Any CPU.Build.0 = Release|Any CPU
	EndGlobalSection
	GlobalSection(SolutionProperties) = preSolution
		HideSolutionNode = FALSE
	EndGlobalSection
	GlobalSection(ExtensibilityGlobals) = postSolution
		SolutionGuid = {5902E3C0-5AC4-476A-95AE-FB4303BA34A4}
	EndGlobalSection
EndGlobal
